
Microsoft Visual Studio Solution File, Format Version 12.00
# Visual Studio Version 17
VisualStudioVersion = 17.4.33110.190
MinimumVisualStudioVersion = 10.0.40219.1
Project("{9A19103F-16F7-4668-BE54-9A1E7A4F7556}") = "Lab2_2", "Lab2_2.csproj", "{C2EB02F4-A8EF-475E-ADDC-B147E59701C9}"
EndProject
Global
	GlobalSection(SolutionConfigurationPlatforms) = preSolution
		Debug|Any CPU = Debug|Any CPU
		Release|Any CPU = Release|Any CPU
	EndGlobalSection
	GlobalSection(ProjectConfigurationPlatforms) = postSolution
		{C2EB02F4-A8EF-475E-ADDC-B147E59701C9}.Debug|Any CPU.ActiveCfg = Debug|Any CPU
		{C2EB02F4-A8EF-475E-ADDC-B147E59701C9}.Debug|Any CPU.Build.0 = Debug|Any CPU
		{C2EB02F4-A8EF-475E-ADDC-B147E59701C9}.Release|Any CPU.ActiveCfg = Release|Any CPU
		{C2EB02F4-A8EF-475E-ADDC-B147E59701C9}.Release|Any CPU.Build.0 = Release|Any CPU
	EndGlobalSection
	GlobalSection(SolutionProperties) = preSolution
		HideSolutionNode = FALSE
	EndGlobalSection
	GlobalSection(ExtensibilityGlobals) = postSolution
		SolutionGuid = {E614E3A7-AE7C-4690-900F-71BCFB5325C7}
	EndGlobalSection
EndGlobal
